
Microsoft Visual Studio Solution File, Format Version 12.00
# Visual Studio Version 17
VisualStudioVersion = 17.14.36414.22 d17.14
MinimumVisualStudioVersion = 10.0.40219.1
Project("{FAE04EC0-301F-11D3-BF4B-00C04F79EFBC}") = "ContactApp", "ContactApp\ContactApp.csproj", "{9148CFAF-6565-4EA3-BED3-2BCA2F9C3AD2}"
EndProject
Global
	GlobalSection(SolutionConfigurationPlatforms) = preSolution
		Debug|Any CPU = Debug|Any CPU
		Release|Any CPU = Release|Any CPU
	EndGlobalSection
	GlobalSection(ProjectConfigurationPlatforms) = postSolution
		{9148CFAF-6565-4EA3-BED3-2BCA2F9C3AD2}.Debug|Any CPU.ActiveCfg = Debug|Any CPU
		{9148CFAF-6565-4EA3-BED3-2BCA2F9C3AD2}.Debug|Any CPU.Build.0 = Debug|Any CPU
		{9148CFAF-6565-4EA3-BED3-2BCA2F9C3AD2}.Release|Any CPU.ActiveCfg = Release|Any CPU
		{9148CFAF-6565-4EA3-BED3-2BCA2F9C3AD2}.Release|Any CPU.Build.0 = Release|Any CPU
	EndGlobalSection
	GlobalSection(SolutionProperties) = preSolution
		HideSolutionNode = FALSE
	EndGlobalSection
	GlobalSection(ExtensibilityGlobals) = postSolution
		SolutionGuid = {73AA48F3-77C6-41E0-9540-2969BCEF0E47}
	EndGlobalSection
EndGlobal
